
Microsoft Visual Studio Solution File, Format Version 12.00
# Visual Studio 14
VisualStudioVersion = 14.0.25420.1
MinimumVisualStudioVersion = 10.0.40219.1
Project("{FAE04EC0-301F-11D3-BF4B-00C04F79EFBC}") = "Domo.Misc", "Domo.Misc\Domo.Misc.csproj", "{4AA27AFE-8E27-45D6-8186-07C36A08C851}"
EndProject
Project("{FAE04EC0-301F-11D3-BF4B-00C04F79EFBC}") = "Domo.Modules", "Domo.Modules\Domo.Modules.csproj", "{BBD08AE1-60B6-407C-9205-CA57011D9107}"
EndProject
Project("{FAE04EC0-301F-11D3-BF4B-00C04F79EFBC}") = "Domo.Packaging", "Domo.Packaging\Domo.Packaging.csproj", "{DA028327-C86B-4EE8-9955-39FDCF2E05E2}"
EndProject
Project("{FAE04EC0-301F-11D3-BF4B-00C04F79EFBC}") = "Domo.Scripting", "Domo.Scripting\Domo.Scripting.csproj", "{2DEEC589-16A2-4A93-B2AF-147ABA7F970B}"
EndProject
Project("{FAE04EC0-301F-11D3-BF4B-00C04F79EFBC}") = "Domo.Serialization", "Domo.Serialization\Domo.Serialization.csproj", "{AFE55739-F8BF-4F34-9E99-196928621E68}"
EndProject
Project("{FAE04EC0-301F-11D3-BF4B-00C04F79EFBC}") = "Domo.API", "Domo.API\Domo.API.csproj", "{DFC5A6EC-E496-4B68-9A0D-8F775676293F}"
EndProject
Project("{FAE04EC0-301F-11D3-BF4B-00C04F79EFBC}") = "Domo.ConsoleApp", "Domo.ConsoleApp\Domo.ConsoleApp.csproj", "{960D8040-D38F-494D-A26C-1E37017C7E80}"
EndProject
Project("{FAE04EC0-301F-11D3-BF4B-00C04F79EFBC}") = "Domo.Testing", "Domo.Testing\Domo.Testing.csproj", "{8A39FC97-E5CA-4334-A332-AF3DB6465BB0}"
EndProject
Project("{FAE04EC0-301F-11D3-BF4B-00C04F79EFBC}") = "Domo", "Domo\Domo.csproj", "{677D3F71-E45D-493F-98A5-A4E29F5B1274}"
EndProject
Global
	GlobalSection(SolutionConfigurationPlatforms) = preSolution
		Debug|Any CPU = Debug|Any CPU
		DebugNoTesting|Any CPU = DebugNoTesting|Any CPU
		Release|Any CPU = Release|Any CPU
	EndGlobalSection
	GlobalSection(ProjectConfigurationPlatforms) = postSolution
		{4AA27AFE-8E27-45D6-8186-07C36A08C851}.Debug|Any CPU.ActiveCfg = Debug|Any CPU
		{4AA27AFE-8E27-45D6-8186-07C36A08C851}.Debug|Any CPU.Build.0 = Debug|Any CPU
		{4AA27AFE-8E27-45D6-8186-07C36A08C851}.DebugNoTesting|Any CPU.ActiveCfg = Debug|Any CPU
		{4AA27AFE-8E27-45D6-8186-07C36A08C851}.DebugNoTesting|Any CPU.Build.0 = Debug|Any CPU
		{4AA27AFE-8E27-45D6-8186-07C36A08C851}.Release|Any CPU.ActiveCfg = Release|Any CPU
		{4AA27AFE-8E27-45D6-8186-07C36A08C851}.Release|Any CPU.Build.0 = Release|Any CPU
		{BBD08AE1-60B6-407C-9205-CA57011D9107}.Debug|Any CPU.ActiveCfg = Debug|Any CPU
		{BBD08AE1-60B6-407C-9205-CA57011D9107}.Debug|Any CPU.Build.0 = Debug|Any CPU
		{BBD08AE1-60B6-407C-9205-CA57011D9107}.DebugNoTesting|Any CPU.ActiveCfg = Debug|Any CPU
		{BBD08AE1-60B6-407C-9205-CA57011D9107}.DebugNoTesting|Any CPU.Build.0 = Debug|Any CPU
		{BBD08AE1-60B6-407C-9205-CA57011D9107}.Release|Any CPU.ActiveCfg = Release|Any CPU
		{BBD08AE1-60B6-407C-9205-CA57011D9107}.Release|Any CPU.Build.0 = Release|Any CPU
		{DA028327-C86B-4EE8-9955-39FDCF2E05E2}.Debug|Any CPU.ActiveCfg = Debug|Any CPU
		{DA028327-C86B-4EE8-9955-39FDCF2E05E2}.Debug|Any CPU.Build.0 = Debug|Any CPU
		{DA028327-C86B-4EE8-9955-39FDCF2E05E2}.DebugNoTesting|Any CPU.ActiveCfg = Debug|Any CPU
		{DA028327-C86B-4EE8-9955-39FDCF2E05E2}.DebugNoTesting|Any CPU.Build.0 = Debug|Any CPU
		{DA028327-C86B-4EE8-9955-39FDCF2E05E2}.Release|Any CPU.ActiveCfg = Release|Any CPU
		{DA028327-C86B-4EE8-9955-39FDCF2E05E2}.Release|Any CPU.Build.0 = Release|Any CPU
		{2DEEC589-16A2-4A93-B2AF-147ABA7F970B}.Debug|Any CPU.ActiveCfg = Debug|Any CPU
		{2DEEC589-16A2-4A93-B2AF-147ABA7F970B}.Debug|Any CPU.Build.0 = Debug|Any CPU
		{2DEEC589-16A2-4A93-B2AF-147ABA7F970B}.DebugNoTesting|Any CPU.ActiveCfg = Debug|Any CPU
		{2DEEC589-16A2-4A93-B2AF-147ABA7F970B}.DebugNoTesting|Any CPU.Build.0 = Debug|Any CPU
		{2DEEC589-16A2-4A93-B2AF-147ABA7F970B}.Release|Any CPU.ActiveCfg = Release|Any CPU
		{2DEEC589-16A2-4A93-B2AF-147ABA7F970B}.Release|Any CPU.Build.0 = Release|Any CPU
		{AFE55739-F8BF-4F34-9E99-196928621E68}.Debug|Any CPU.ActiveCfg = Debug|Any CPU
		{AFE55739-F8BF-4F34-9E99-196928621E68}.Debug|Any CPU.Build.0 = Debug|Any CPU
		{AFE55739-F8BF-4F34-9E99-196928621E68}.DebugNoTesting|Any CPU.ActiveCfg = Debug|Any CPU
		{AFE55739-F8BF-4F34-9E99-196928621E68}.DebugNoTesting|Any CPU.Build.0 = Debug|Any CPU
		{AFE55739-F8BF-4F34-9E99-196928621E68}.Release|Any CPU.ActiveCfg = Release|Any CPU
		{AFE55739-F8BF-4F34-9E99-196928621E68}.Release|Any CPU.Build.0 = Release|Any CPU
		{DFC5A6EC-E496-4B68-9A0D-8F775676293F}.Debug|Any CPU.ActiveCfg = Debug|Any CPU
		{DFC5A6EC-E496-4B68-9A0D-8F775676293F}.Debug|Any CPU.Build.0 = Debug|Any CPU
		{DFC5A6EC-E496-4B68-9A0D-8F775676293F}.DebugNoTesting|Any CPU.ActiveCfg = Debug|Any CPU
		{DFC5A6EC-E496-4B68-9A0D-8F775676293F}.DebugNoTesting|Any CPU.Build.0 = Debug|Any CPU
		{DFC5A6EC-E496-4B68-9A0D-8F775676293F}.Release|Any CPU.ActiveCfg = Release|Any CPU
		{DFC5A6EC-E496-4B68-9A0D-8F775676293F}.Release|Any CPU.Build.0 = Release|Any CPU
		{960D8040-D38F-494D-A26C-1E37017C7E80}.Debug|Any CPU.ActiveCfg = Debug|Any CPU
		{960D8040-D38F-494D-A26C-1E37017C7E80}.Debug|Any CPU.Build.0 = Debug|Any CPU
		{960D8040-D38F-494D-A26C-1E37017C7E80}.DebugNoTesting|Any CPU.ActiveCfg = Debug|Any CPU
		{960D8040-D38F-494D-A26C-1E37017C7E80}.DebugNoTesting|Any CPU.Build.0 = Debug|Any CPU
		{960D8040-D38F-494D-A26C-1E37017C7E80}.Release|Any CPU.ActiveCfg = Release|Any CPU
		{960D8040-D38F-494D-A26C-1E37017C7E80}.Release|Any CPU.Build.0 = Release|Any CPU
		{8A39FC97-E5CA-4334-A332-AF3DB6465BB0}.Debug|Any CPU.ActiveCfg = Debug|Any CPU
		{8A39FC97-E5CA-4334-A332-AF3DB6465BB0}.Debug|Any CPU.Build.0 = Debug|Any CPU
		{8A39FC97-E5CA-4334-A332-AF3DB6465BB0}.DebugNoTesting|Any CPU.ActiveCfg = Debug|Any CPU
		{8A39FC97-E5CA-4334-A332-AF3DB6465BB0}.Release|Any CPU.ActiveCfg = Release|Any CPU
		{8A39FC97-E5CA-4334-A332-AF3DB6465BB0}.Release|Any CPU.Build.0 = Release|Any CPU
		{677D3F71-E45D-493F-98A5-A4E29F5B1274}.Debug|Any CPU.ActiveCfg = Debug|Any CPU
		{677D3F71-E45D-493F-98A5-A4E29F5B1274}.Debug|Any CPU.Build.0 = Debug|Any CPU
		{677D3F71-E45D-493F-98A5-A4E29F5B1274}.DebugNoTesting|Any CPU.ActiveCfg = Debug|Any CPU
		{677D3F71-E45D-493F-98A5-A4E29F5B1274}.DebugNoTesting|Any CPU.Build.0 = Debug|Any CPU
		{677D3F71-E45D-493F-98A5-A4E29F5B1274}.Release|Any CPU.ActiveCfg = Release|Any CPU
		{677D3F71-E45D-493F-98A5-A4E29F5B1274}.Release|Any CPU.Build.0 = Release|Any CPU
	EndGlobalSection
	GlobalSection(SolutionProperties) = preSolution
		HideSolutionNode = FALSE
	EndGlobalSection
EndGlobal
